// !$*UTF8*$!
{
	archiveVersion = 1;
	classes = {
	};
	objectVersion = 56;
	objects = {

/* Begin PBXBuildFile section */
		3A198A8E2947B12200EA895E /* Results.storyboard in Resources */ = {isa = PBXBuildFile; fileRef = 3A198A8D2947B12200EA895E /* Results.storyboard */; };
		3A198A902947B9B600EA895E /* ResultsViewController.swift in Sources */ = {isa = PBXBuildFile; fileRef = 3A198A8F2947B9B600EA895E /* ResultsViewController.swift */; };
		3A198A922947BB2700EA895E /* ResultAnswerCell.swift in Sources */ = {isa = PBXBuildFile; fileRef = 3A198A912947BB2700EA895E /* ResultAnswerCell.swift */; };
		3A198A962947BDFA00EA895E /* ResultsUIIntegrationTests.swift in Sources */ = {isa = PBXBuildFile; fileRef = 3A198A952947BDFA00EA895E /* ResultsUIIntegrationTests.swift */; };
		3A2D578A2948F75100151E67 /* UITableViewController+HeaderSizing.swift in Sources */ = {isa = PBXBuildFile; fileRef = 3A2D57892948F75100151E67 /* UITableViewController+HeaderSizing.swift */; };
		3A31D61F29521F0F00F58B87 /* QuizViewModel.swift in Sources */ = {isa = PBXBuildFile; fileRef = 3A31D61E29521F0E00F58B87 /* QuizViewModel.swift */; };
		3A3D78D1294900A1003E4FF2 /* QuizSnapshotTests.swift in Sources */ = {isa = PBXBuildFile; fileRef = 3A4D78062948C63200A7AF77 /* QuizSnapshotTests.swift */; };
		3A3D78D2294900AB003E4FF2 /* QUESTIONS_LOAD_SUCCESS_dark.png in Resources */ = {isa = PBXBuildFile; fileRef = 3A2D57862948F51A00151E67 /* QUESTIONS_LOAD_SUCCESS_dark.png */; };
		3A3D78D3294900AB003E4FF2 /* QUESTIONS_LOAD_SUCCESS_light.png in Resources */ = {isa = PBXBuildFile; fileRef = 3A2D57852948F51A00151E67 /* QUESTIONS_LOAD_SUCCESS_light.png */; };
		3A3D78D4294900AB003E4FF2 /* QUESTIONS_LOAD_ERROR_dark.png in Resources */ = {isa = PBXBuildFile; fileRef = 3A2D57832948F3C500151E67 /* QUESTIONS_LOAD_ERROR_dark.png */; };
		3A3D78D5294900AB003E4FF2 /* ANSWER_SELECTED_light.png in Resources */ = {isa = PBXBuildFile; fileRef = 3A2D578C2948F9D300151E67 /* ANSWER_SELECTED_light.png */; };
		3A3D78D6294900AB003E4FF2 /* QUESTIONS_LOAD_ERROR_light.png in Resources */ = {isa = PBXBuildFile; fileRef = 3AD00C6F2948E4BD0098661A /* QUESTIONS_LOAD_ERROR_light.png */; };
		3A3D78D7294900AB003E4FF2 /* ANSWER_SELECTED_dark.png in Resources */ = {isa = PBXBuildFile; fileRef = 3A2D578B2948F9D300151E67 /* ANSWER_SELECTED_dark.png */; };
		3A3D78D8294900C4003E4FF2 /* ExaminerSpy.swift in Sources */ = {isa = PBXBuildFile; fileRef = 3AC6AF90294223EA00007F73 /* ExaminerSpy.swift */; };
		3A3D78D9294900CF003E4FF2 /* SnapshotTestsHelpers.swift in Sources */ = {isa = PBXBuildFile; fileRef = 3AD00C6C2948E3400098661A /* SnapshotTestsHelpers.swift */; };
		3A3D78DA294900E6003E4FF2 /* SharedHelpers.swift in Sources */ = {isa = PBXBuildFile; fileRef = 3AD00C712948E6AE0098661A /* SharedHelpers.swift */; };
		3A3D78DB294900F0003E4FF2 /* QuizViewController+TestHelpers.swift in Sources */ = {isa = PBXBuildFile; fileRef = 3AC6AF922942240F00007F73 /* QuizViewController+TestHelpers.swift */; };
		3A4D78052948BF3A00A7AF77 /* ResultsViewController+TestHelpers.swift in Sources */ = {isa = PBXBuildFile; fileRef = 3A4D78042948BF3A00A7AF77 /* ResultsViewController+TestHelpers.swift */; };
		3A97E245294911D7006B2A09 /* ResultsSnapshotsTests.swift in Sources */ = {isa = PBXBuildFile; fileRef = 3A97E244294911D7006B2A09 /* ResultsSnapshotsTests.swift */; };
		3A97E2482949130A006B2A09 /* RESULTS_light.png in Resources */ = {isa = PBXBuildFile; fileRef = 3A97E2462949130A006B2A09 /* RESULTS_light.png */; };
		3A97E2492949130A006B2A09 /* RESULTS_dark.png in Resources */ = {isa = PBXBuildFile; fileRef = 3A97E2472949130A006B2A09 /* RESULTS_dark.png */; };
		3ABEEFE12947A244001703D9 /* SceneDelegateTests.swift in Sources */ = {isa = PBXBuildFile; fileRef = 3ABEEFE02947A244001703D9 /* SceneDelegateTests.swift */; };
		3ABEEFE32947A3DA001703D9 /* QuizAcceptanceTests.swift in Sources */ = {isa = PBXBuildFile; fileRef = 3ABEEFE22947A3DA001703D9 /* QuizAcceptanceTests.swift */; };
		3AC6AF8A2942006600007F73 /* QuizUIIntegrationTests.swift in Sources */ = {isa = PBXBuildFile; fileRef = 3AC6AF892942006600007F73 /* QuizUIIntegrationTests.swift */; };
		3AC6AF8D2942078600007F73 /* TriviaEngine.framework in Frameworks */ = {isa = PBXBuildFile; fileRef = 3AC6AF8C2942078600007F73 /* TriviaEngine.framework */; };
		3AC6AF8E2942078600007F73 /* TriviaEngine.framework in Embed Frameworks */ = {isa = PBXBuildFile; fileRef = 3AC6AF8C2942078600007F73 /* TriviaEngine.framework */; settings = {ATTRIBUTES = (CodeSignOnCopy, RemoveHeadersOnCopy, ); }; };
		3AC6AF91294223EA00007F73 /* ExaminerSpy.swift in Sources */ = {isa = PBXBuildFile; fileRef = 3AC6AF90294223EA00007F73 /* ExaminerSpy.swift */; };
		3AC6AF932942240F00007F73 /* QuizViewController+TestHelpers.swift in Sources */ = {isa = PBXBuildFile; fileRef = 3AC6AF922942240F00007F73 /* QuizViewController+TestHelpers.swift */; };
		3AD00C722948E6AE0098661A /* SharedHelpers.swift in Sources */ = {isa = PBXBuildFile; fileRef = 3AD00C712948E6AE0098661A /* SharedHelpers.swift */; };
		3AD719A92951F07A00A023E5 /* OptionCellViewController.swift in Sources */ = {isa = PBXBuildFile; fileRef = 3AD719A82951F07A00A023E5 /* OptionCellViewController.swift */; };
		3AF6F43A29411D9F009526E9 /* AppDelegate.swift in Sources */ = {isa = PBXBuildFile; fileRef = 3AF6F43929411D9F009526E9 /* AppDelegate.swift */; };
		3AF6F43C29411D9F009526E9 /* SceneDelegate.swift in Sources */ = {isa = PBXBuildFile; fileRef = 3AF6F43B29411D9F009526E9 /* SceneDelegate.swift */; };
		3AF6F43E29411D9F009526E9 /* QuizViewController.swift in Sources */ = {isa = PBXBuildFile; fileRef = 3AF6F43D29411D9F009526E9 /* QuizViewController.swift */; };
		3AF6F44129411D9F009526E9 /* Quiz.storyboard in Resources */ = {isa = PBXBuildFile; fileRef = 3AF6F43F29411D9F009526E9 /* Quiz.storyboard */; };
		3AF6F44329411DA0009526E9 /* Assets.xcassets in Resources */ = {isa = PBXBuildFile; fileRef = 3AF6F44229411DA0009526E9 /* Assets.xcassets */; };
		3AF6F44629411DA0009526E9 /* LaunchScreen.storyboard in Resources */ = {isa = PBXBuildFile; fileRef = 3AF6F44429411DA0009526E9 /* LaunchScreen.storyboard */; };
/* End PBXBuildFile section */

/* Begin PBXContainerItemProxy section */
		3A2D57972948FAEE00151E67 /* PBXContainerItemProxy */ = {
			isa = PBXContainerItemProxy;
			containerPortal = 3AF6F42E29411D9F009526E9 /* Project object */;
			proxyType = 1;
			remoteGlobalIDString = 3AF6F43529411D9F009526E9;
			remoteInfo = TriviaApp;
		};
		3AF6F45529411E96009526E9 /* PBXContainerItemProxy */ = {
			isa = PBXContainerItemProxy;
			containerPortal = 3AF6F42E29411D9F009526E9 /* Project object */;
			proxyType = 1;
			remoteGlobalIDString = 3AF6F43529411D9F009526E9;
			remoteInfo = TriviaApp;
		};
/* End PBXContainerItemProxy section */

/* Begin PBXCopyFilesBuildPhase section */
		3AC6AF8F2942078600007F73 /* Embed Frameworks */ = {
			isa = PBXCopyFilesBuildPhase;
			buildActionMask = 2147483647;
			dstPath = "";
			dstSubfolderSpec = 10;
			files = (
				3AC6AF8E2942078600007F73 /* TriviaEngine.framework in Embed Frameworks */,
			);
			name = "Embed Frameworks";
			runOnlyForDeploymentPostprocessing = 0;
		};
/* End PBXCopyFilesBuildPhase section */

/* Begin PBXFileReference section */
		3A198A8D2947B12200EA895E /* Results.storyboard */ = {isa = PBXFileReference; lastKnownFileType = file.storyboard; path = Results.storyboard; sourceTree = "<group>"; };
		3A198A8F2947B9B600EA895E /* ResultsViewController.swift */ = {isa = PBXFileReference; lastKnownFileType = sourcecode.swift; path = ResultsViewController.swift; sourceTree = "<group>"; };
		3A198A912947BB2700EA895E /* ResultAnswerCell.swift */ = {isa = PBXFileReference; lastKnownFileType = sourcecode.swift; path = ResultAnswerCell.swift; sourceTree = "<group>"; };
		3A198A952947BDFA00EA895E /* ResultsUIIntegrationTests.swift */ = {isa = PBXFileReference; lastKnownFileType = sourcecode.swift; path = ResultsUIIntegrationTests.swift; sourceTree = "<group>"; };
		3A2D57832948F3C500151E67 /* QUESTIONS_LOAD_ERROR_dark.png */ = {isa = PBXFileReference; lastKnownFileType = image.png; path = QUESTIONS_LOAD_ERROR_dark.png; sourceTree = "<group>"; };
		3A2D57852948F51A00151E67 /* QUESTIONS_LOAD_SUCCESS_light.png */ = {isa = PBXFileReference; lastKnownFileType = image.png; path = QUESTIONS_LOAD_SUCCESS_light.png; sourceTree = "<group>"; };
		3A2D57862948F51A00151E67 /* QUESTIONS_LOAD_SUCCESS_dark.png */ = {isa = PBXFileReference; lastKnownFileType = image.png; path = QUESTIONS_LOAD_SUCCESS_dark.png; sourceTree = "<group>"; };
		3A2D57892948F75100151E67 /* UITableViewController+HeaderSizing.swift */ = {isa = PBXFileReference; lastKnownFileType = sourcecode.swift; path = "UITableViewController+HeaderSizing.swift"; sourceTree = "<group>"; };
		3A2D578B2948F9D300151E67 /* ANSWER_SELECTED_dark.png */ = {isa = PBXFileReference; lastKnownFileType = image.png; path = ANSWER_SELECTED_dark.png; sourceTree = "<group>"; };
		3A2D578C2948F9D300151E67 /* ANSWER_SELECTED_light.png */ = {isa = PBXFileReference; lastKnownFileType = image.png; path = ANSWER_SELECTED_light.png; sourceTree = "<group>"; };
		3A2D57932948FAEE00151E67 /* TriviaAppSnapshotTests.xctest */ = {isa = PBXFileReference; explicitFileType = wrapper.cfbundle; includeInIndex = 0; path = TriviaAppSnapshotTests.xctest; sourceTree = BUILT_PRODUCTS_DIR; };
		3A31D61E29521F0E00F58B87 /* QuizViewModel.swift */ = {isa = PBXFileReference; lastKnownFileType = sourcecode.swift; path = QuizViewModel.swift; sourceTree = "<group>"; };
		3A4D78042948BF3A00A7AF77 /* ResultsViewController+TestHelpers.swift */ = {isa = PBXFileReference; lastKnownFileType = sourcecode.swift; path = "ResultsViewController+TestHelpers.swift"; sourceTree = "<group>"; };
		3A4D78062948C63200A7AF77 /* QuizSnapshotTests.swift */ = {isa = PBXFileReference; lastKnownFileType = sourcecode.swift; path = QuizSnapshotTests.swift; sourceTree = "<group>"; };
		3A97E244294911D7006B2A09 /* ResultsSnapshotsTests.swift */ = {isa = PBXFileReference; lastKnownFileType = sourcecode.swift; path = ResultsSnapshotsTests.swift; sourceTree = "<group>"; };
		3A97E2462949130A006B2A09 /* RESULTS_light.png */ = {isa = PBXFileReference; lastKnownFileType = image.png; path = RESULTS_light.png; sourceTree = "<group>"; };
		3A97E2472949130A006B2A09 /* RESULTS_dark.png */ = {isa = PBXFileReference; lastKnownFileType = image.png; path = RESULTS_dark.png; sourceTree = "<group>"; };
		3ABEEFE02947A244001703D9 /* SceneDelegateTests.swift */ = {isa = PBXFileReference; lastKnownFileType = sourcecode.swift; path = SceneDelegateTests.swift; sourceTree = "<group>"; };
		3ABEEFE22947A3DA001703D9 /* QuizAcceptanceTests.swift */ = {isa = PBXFileReference; lastKnownFileType = sourcecode.swift; path = QuizAcceptanceTests.swift; sourceTree = "<group>"; };
		3AC6AF892942006600007F73 /* QuizUIIntegrationTests.swift */ = {isa = PBXFileReference; lastKnownFileType = sourcecode.swift; path = QuizUIIntegrationTests.swift; sourceTree = "<group>"; };
		3AC6AF8C2942078600007F73 /* TriviaEngine.framework */ = {isa = PBXFileReference; explicitFileType = wrapper.framework; path = TriviaEngine.framework; sourceTree = BUILT_PRODUCTS_DIR; };
		3AC6AF90294223EA00007F73 /* ExaminerSpy.swift */ = {isa = PBXFileReference; lastKnownFileType = sourcecode.swift; path = ExaminerSpy.swift; sourceTree = "<group>"; };
		3AC6AF922942240F00007F73 /* QuizViewController+TestHelpers.swift */ = {isa = PBXFileReference; lastKnownFileType = sourcecode.swift; path = "QuizViewController+TestHelpers.swift"; sourceTree = "<group>"; };
		3AD00C6C2948E3400098661A /* SnapshotTestsHelpers.swift */ = {isa = PBXFileReference; lastKnownFileType = sourcecode.swift; path = SnapshotTestsHelpers.swift; sourceTree = "<group>"; };
		3AD00C6F2948E4BD0098661A /* QUESTIONS_LOAD_ERROR_light.png */ = {isa = PBXFileReference; lastKnownFileType = image.png; path = QUESTIONS_LOAD_ERROR_light.png; sourceTree = "<group>"; };
		3AD00C712948E6AE0098661A /* SharedHelpers.swift */ = {isa = PBXFileReference; lastKnownFileType = sourcecode.swift; path = SharedHelpers.swift; sourceTree = "<group>"; };
		3AD719A82951F07A00A023E5 /* OptionCellViewController.swift */ = {isa = PBXFileReference; lastKnownFileType = sourcecode.swift; path = OptionCellViewController.swift; sourceTree = "<group>"; };
		3AF6F43629411D9F009526E9 /* TriviaApp.app */ = {isa = PBXFileReference; explicitFileType = wrapper.application; includeInIndex = 0; path = TriviaApp.app; sourceTree = BUILT_PRODUCTS_DIR; };
		3AF6F43929411D9F009526E9 /* AppDelegate.swift */ = {isa = PBXFileReference; lastKnownFileType = sourcecode.swift; path = AppDelegate.swift; sourceTree = "<group>"; };
		3AF6F43B29411D9F009526E9 /* SceneDelegate.swift */ = {isa = PBXFileReference; lastKnownFileType = sourcecode.swift; path = SceneDelegate.swift; sourceTree = "<group>"; };
		3AF6F43D29411D9F009526E9 /* QuizViewController.swift */ = {isa = PBXFileReference; lastKnownFileType = sourcecode.swift; path = QuizViewController.swift; sourceTree = "<group>"; };
		3AF6F44029411D9F009526E9 /* Base */ = {isa = PBXFileReference; lastKnownFileType = file.storyboard; name = Base; path = Base.lproj/Quiz.storyboard; sourceTree = "<group>"; };
		3AF6F44229411DA0009526E9 /* Assets.xcassets */ = {isa = PBXFileReference; lastKnownFileType = folder.assetcatalog; path = Assets.xcassets; sourceTree = "<group>"; };
		3AF6F44529411DA0009526E9 /* Base */ = {isa = PBXFileReference; lastKnownFileType = file.storyboard; name = Base; path = Base.lproj/LaunchScreen.storyboard; sourceTree = "<group>"; };
		3AF6F44729411DA0009526E9 /* Info.plist */ = {isa = PBXFileReference; lastKnownFileType = text.plist.xml; path = Info.plist; sourceTree = "<group>"; };
		3AF6F45129411E96009526E9 /* TriviaAppTests.xctest */ = {isa = PBXFileReference; explicitFileType = wrapper.cfbundle; includeInIndex = 0; path = TriviaAppTests.xctest; sourceTree = BUILT_PRODUCTS_DIR; };
/* End PBXFileReference section */

/* Begin PBXFrameworksBuildPhase section */
		3A2D57902948FAEE00151E67 /* Frameworks */ = {
			isa = PBXFrameworksBuildPhase;
			buildActionMask = 2147483647;
			files = (
			);
			runOnlyForDeploymentPostprocessing = 0;
		};
		3AF6F43329411D9F009526E9 /* Frameworks */ = {
			isa = PBXFrameworksBuildPhase;
			buildActionMask = 2147483647;
			files = (
				3AC6AF8D2942078600007F73 /* TriviaEngine.framework in Frameworks */,
			);
			runOnlyForDeploymentPostprocessing = 0;
		};
		3AF6F44E29411E96009526E9 /* Frameworks */ = {
			isa = PBXFrameworksBuildPhase;
			buildActionMask = 2147483647;
			files = (
			);
			runOnlyForDeploymentPostprocessing = 0;
		};
/* End PBXFrameworksBuildPhase section */

/* Begin PBXGroup section */
		3A198A932947BC5D00EA895E /* Results UI */ = {
			isa = PBXGroup;
			children = (
				3A198A8D2947B12200EA895E /* Results.storyboard */,
				3A198A8F2947B9B600EA895E /* ResultsViewController.swift */,
				3A198A912947BB2700EA895E /* ResultAnswerCell.swift */,
			);
			path = "Results UI";
			sourceTree = "<group>";
		};
		3A198A942947BD3700EA895E /* Quiz UI */ = {
			isa = PBXGroup;
			children = (
				3AF6F43D29411D9F009526E9 /* QuizViewController.swift */,
				3AD719A82951F07A00A023E5 /* OptionCellViewController.swift */,
				3AF6F43F29411D9F009526E9 /* Quiz.storyboard */,
			);
			path = "Quiz UI";
			sourceTree = "<group>";
		};
		3A2D57942948FAEE00151E67 /* TriviaAppSnapshotTests */ = {
			isa = PBXGroup;
			children = (
				3AD00C6E2948E4BD0098661A /* snapshots */,
				3AD00C6C2948E3400098661A /* SnapshotTestsHelpers.swift */,
				3A4D78062948C63200A7AF77 /* QuizSnapshotTests.swift */,
				3A97E244294911D7006B2A09 /* ResultsSnapshotsTests.swift */,
			);
			path = TriviaAppSnapshotTests;
			sourceTree = "<group>";
		};
		3ABEEFDF2947A20B001703D9 /* Helpers */ = {
			isa = PBXGroup;
			children = (
				3AD00C712948E6AE0098661A /* SharedHelpers.swift */,
				3AC6AF90294223EA00007F73 /* ExaminerSpy.swift */,
				3AC6AF922942240F00007F73 /* QuizViewController+TestHelpers.swift */,
				3A4D78042948BF3A00A7AF77 /* ResultsViewController+TestHelpers.swift */,
			);
			path = Helpers;
			sourceTree = "<group>";
		};
		3AC6AF8B2942078600007F73 /* Frameworks */ = {
			isa = PBXGroup;
			children = (
				3AC6AF8C2942078600007F73 /* TriviaEngine.framework */,
			);
			name = Frameworks;
			sourceTree = "<group>";
		};
		3AD00C6E2948E4BD0098661A /* snapshots */ = {
			isa = PBXGroup;
			children = (
				3A97E2472949130A006B2A09 /* RESULTS_dark.png */,
				3A97E2462949130A006B2A09 /* RESULTS_light.png */,
				3A2D578B2948F9D300151E67 /* ANSWER_SELECTED_dark.png */,
				3A2D578C2948F9D300151E67 /* ANSWER_SELECTED_light.png */,
				3A2D57862948F51A00151E67 /* QUESTIONS_LOAD_SUCCESS_dark.png */,
				3A2D57852948F51A00151E67 /* QUESTIONS_LOAD_SUCCESS_light.png */,
				3A2D57832948F3C500151E67 /* QUESTIONS_LOAD_ERROR_dark.png */,
				3AD00C6F2948E4BD0098661A /* QUESTIONS_LOAD_ERROR_light.png */,
			);
			path = snapshots;
			sourceTree = "<group>";
		};
		3AF6F42D29411D9F009526E9 = {
			isa = PBXGroup;
			children = (
				3AF6F43829411D9F009526E9 /* TriviaApp */,
				3AF6F45229411E96009526E9 /* TriviaAppTests */,
				3A2D57942948FAEE00151E67 /* TriviaAppSnapshotTests */,
				3AF6F43729411D9F009526E9 /* Products */,
				3AC6AF8B2942078600007F73 /* Frameworks */,
			);
			sourceTree = "<group>";
		};
		3AF6F43729411D9F009526E9 /* Products */ = {
			isa = PBXGroup;
			children = (
				3AF6F43629411D9F009526E9 /* TriviaApp.app */,
				3AF6F45129411E96009526E9 /* TriviaAppTests.xctest */,
				3A2D57932948FAEE00151E67 /* TriviaAppSnapshotTests.xctest */,
			);
			name = Products;
			sourceTree = "<group>";
		};
		3AF6F43829411D9F009526E9 /* TriviaApp */ = {
			isa = PBXGroup;
			children = (
				3A2D57892948F75100151E67 /* UITableViewController+HeaderSizing.swift */,
				3A31D61E29521F0E00F58B87 /* QuizViewModel.swift */,
				3A198A942947BD3700EA895E /* Quiz UI */,
				3A198A932947BC5D00EA895E /* Results UI */,
				3AF6F43929411D9F009526E9 /* AppDelegate.swift */,
				3AF6F43B29411D9F009526E9 /* SceneDelegate.swift */,
				3AF6F44229411DA0009526E9 /* Assets.xcassets */,
				3AF6F44429411DA0009526E9 /* LaunchScreen.storyboard */,
				3AF6F44729411DA0009526E9 /* Info.plist */,
			);
			path = TriviaApp;
			sourceTree = "<group>";
		};
		3AF6F45229411E96009526E9 /* TriviaAppTests */ = {
			isa = PBXGroup;
			children = (
				3ABEEFDF2947A20B001703D9 /* Helpers */,
				3AC6AF892942006600007F73 /* QuizUIIntegrationTests.swift */,
				3ABEEFE02947A244001703D9 /* SceneDelegateTests.swift */,
				3ABEEFE22947A3DA001703D9 /* QuizAcceptanceTests.swift */,
				3A198A952947BDFA00EA895E /* ResultsUIIntegrationTests.swift */,
			);
			path = TriviaAppTests;
			sourceTree = "<group>";
		};
/* End PBXGroup section */

/* Begin PBXNativeTarget section */
		3A2D57922948FAEE00151E67 /* TriviaAppSnapshotTests */ = {
			isa = PBXNativeTarget;
			buildConfigurationList = 3A2D57992948FAEE00151E67 /* Build configuration list for PBXNativeTarget "TriviaAppSnapshotTests" */;
			buildPhases = (
				3A2D578F2948FAEE00151E67 /* Sources */,
				3A2D57902948FAEE00151E67 /* Frameworks */,
				3A2D57912948FAEE00151E67 /* Resources */,
			);
			buildRules = (
			);
			dependencies = (
				3A2D57982948FAEE00151E67 /* PBXTargetDependency */,
			);
			name = TriviaAppSnapshotTests;
			productName = TriviaAppSnapshotTests;
			productReference = 3A2D57932948FAEE00151E67 /* TriviaAppSnapshotTests.xctest */;
			productType = "com.apple.product-type.bundle.unit-test";
		};
		3AF6F43529411D9F009526E9 /* TriviaApp */ = {
			isa = PBXNativeTarget;
			buildConfigurationList = 3AF6F44A29411DA0009526E9 /* Build configuration list for PBXNativeTarget "TriviaApp" */;
			buildPhases = (
				3AF6F43229411D9F009526E9 /* Sources */,
				3AF6F43329411D9F009526E9 /* Frameworks */,
				3AF6F43429411D9F009526E9 /* Resources */,
				3AC6AF8F2942078600007F73 /* Embed Frameworks */,
			);
			buildRules = (
			);
			dependencies = (
			);
			name = TriviaApp;
			productName = TriviaApp;
			productReference = 3AF6F43629411D9F009526E9 /* TriviaApp.app */;
			productType = "com.apple.product-type.application";
		};
		3AF6F45029411E96009526E9 /* TriviaAppTests */ = {
			isa = PBXNativeTarget;
			buildConfigurationList = 3AF6F45929411E96009526E9 /* Build configuration list for PBXNativeTarget "TriviaAppTests" */;
			buildPhases = (
				3AC46E5D294B4A96001E7588 /* Swift Format */,
				3AF6F44D29411E96009526E9 /* Sources */,
				3AF6F44E29411E96009526E9 /* Frameworks */,
				3AF6F44F29411E96009526E9 /* Resources */,
			);
			buildRules = (
			);
			dependencies = (
				3AF6F45629411E96009526E9 /* PBXTargetDependency */,
			);
			name = TriviaAppTests;
			productName = TriviaAppTests;
			productReference = 3AF6F45129411E96009526E9 /* TriviaAppTests.xctest */;
			productType = "com.apple.product-type.bundle.unit-test";
		};
/* End PBXNativeTarget section */

/* Begin PBXProject section */
		3AF6F42E29411D9F009526E9 /* Project object */ = {
			isa = PBXProject;
			attributes = {
				BuildIndependentTargetsInParallel = 1;
				LastSwiftUpdateCheck = 1410;
				LastUpgradeCheck = 1410;
				TargetAttributes = {
					3A2D57922948FAEE00151E67 = {
						CreatedOnToolsVersion = 14.1;
						TestTargetID = 3AF6F43529411D9F009526E9;
					};
					3AF6F43529411D9F009526E9 = {
						CreatedOnToolsVersion = 14.1;
					};
					3AF6F45029411E96009526E9 = {
						CreatedOnToolsVersion = 14.1;
						LastSwiftMigration = 1410;
						TestTargetID = 3AF6F43529411D9F009526E9;
					};
				};
			};
			buildConfigurationList = 3AF6F43129411D9F009526E9 /* Build configuration list for PBXProject "TriviaApp" */;
			compatibilityVersion = "Xcode 14.0";
			developmentRegion = en;
			hasScannedForEncodings = 0;
			knownRegions = (
				en,
				Base,
			);
			mainGroup = 3AF6F42D29411D9F009526E9;
			productRefGroup = 3AF6F43729411D9F009526E9 /* Products */;
			projectDirPath = "";
			projectRoot = "";
			targets = (
				3AF6F43529411D9F009526E9 /* TriviaApp */,
				3AF6F45029411E96009526E9 /* TriviaAppTests */,
				3A2D57922948FAEE00151E67 /* TriviaAppSnapshotTests */,
			);
		};
/* End PBXProject section */

/* Begin PBXResourcesBuildPhase section */
		3A2D57912948FAEE00151E67 /* Resources */ = {
			isa = PBXResourcesBuildPhase;
			buildActionMask = 2147483647;
			files = (
				3A3D78D3294900AB003E4FF2 /* QUESTIONS_LOAD_SUCCESS_light.png in Resources */,
				3A3D78D2294900AB003E4FF2 /* QUESTIONS_LOAD_SUCCESS_dark.png in Resources */,
				3A3D78D6294900AB003E4FF2 /* QUESTIONS_LOAD_ERROR_light.png in Resources */,
				3A3D78D4294900AB003E4FF2 /* QUESTIONS_LOAD_ERROR_dark.png in Resources */,
				3A3D78D7294900AB003E4FF2 /* ANSWER_SELECTED_dark.png in Resources */,
				3A97E2482949130A006B2A09 /* RESULTS_light.png in Resources */,
				3A97E2492949130A006B2A09 /* RESULTS_dark.png in Resources */,
				3A3D78D5294900AB003E4FF2 /* ANSWER_SELECTED_light.png in Resources */,
			);
			runOnlyForDeploymentPostprocessing = 0;
		};
		3AF6F43429411D9F009526E9 /* Resources */ = {
			isa = PBXResourcesBuildPhase;
			buildActionMask = 2147483647;
			files = (
				3AF6F44629411DA0009526E9 /* LaunchScreen.storyboard in Resources */,
				3AF6F44329411DA0009526E9 /* Assets.xcassets in Resources */,
				3AF6F44129411D9F009526E9 /* Quiz.storyboard in Resources */,
				3A198A8E2947B12200EA895E /* Results.storyboard in Resources */,
			);
			runOnlyForDeploymentPostprocessing = 0;
		};
		3AF6F44F29411E96009526E9 /* Resources */ = {
			isa = PBXResourcesBuildPhase;
			buildActionMask = 2147483647;
			files = (
			);
			runOnlyForDeploymentPostprocessing = 0;
		};
/* End PBXResourcesBuildPhase section */

/* Begin PBXShellScriptBuildPhase section */
		3AC46E5D294B4A96001E7588 /* Swift Format */ = {
			isa = PBXShellScriptBuildPhase;
			alwaysOutOfDate = 1;
			buildActionMask = 2147483647;
			files = (
			);
			inputFileListPaths = (
			);
			inputPaths = (
			);
			name = "Swift Format";
			outputFileListPaths = (
			);
			outputPaths = (
			);
			runOnlyForDeploymentPostprocessing = 0;
			shellPath = /bin/sh;
			shellScript = "../BuildTools/swiftformat \"$SRCROOT\" --swiftversion 5\n";
		};
/* End PBXShellScriptBuildPhase section */

/* Begin PBXSourcesBuildPhase section */
		3A2D578F2948FAEE00151E67 /* Sources */ = {
			isa = PBXSourcesBuildPhase;
			buildActionMask = 2147483647;
			files = (
				3A97E245294911D7006B2A09 /* ResultsSnapshotsTests.swift in Sources */,
				3A3D78DA294900E6003E4FF2 /* SharedHelpers.swift in Sources */,
				3A3D78D1294900A1003E4FF2 /* QuizSnapshotTests.swift in Sources */,
				3A3D78D8294900C4003E4FF2 /* ExaminerSpy.swift in Sources */,
				3A3D78DB294900F0003E4FF2 /* QuizViewController+TestHelpers.swift in Sources */,
				3A3D78D9294900CF003E4FF2 /* SnapshotTestsHelpers.swift in Sources */,
			);
			runOnlyForDeploymentPostprocessing = 0;
		};
		3AF6F43229411D9F009526E9 /* Sources */ = {
			isa = PBXSourcesBuildPhase;
			buildActionMask = 2147483647;
			files = (
				3A2D578A2948F75100151E67 /* UITableViewController+HeaderSizing.swift in Sources */,
				3AF6F43E29411D9F009526E9 /* QuizViewController.swift in Sources */,
				3AD719A92951F07A00A023E5 /* OptionCellViewController.swift in Sources */,
				3A31D61F29521F0F00F58B87 /* QuizViewModel.swift in Sources */,
				3AF6F43A29411D9F009526E9 /* AppDelegate.swift in Sources */,
				3AF6F43C29411D9F009526E9 /* SceneDelegate.swift in Sources */,
				3A198A922947BB2700EA895E /* ResultAnswerCell.swift in Sources */,
				3A198A902947B9B600EA895E /* ResultsViewController.swift in Sources */,
			);
			runOnlyForDeploymentPostprocessing = 0;
		};
		3AF6F44D29411E96009526E9 /* Sources */ = {
			isa = PBXSourcesBuildPhase;
			buildActionMask = 2147483647;
			files = (
				3AC6AF8A2942006600007F73 /* QuizUIIntegrationTests.swift in Sources */,
				3A198A962947BDFA00EA895E /* ResultsUIIntegrationTests.swift in Sources */,
				3AD00C722948E6AE0098661A /* SharedHelpers.swift in Sources */,
				3ABEEFE32947A3DA001703D9 /* QuizAcceptanceTests.swift in Sources */,
				3AC6AF932942240F00007F73 /* QuizViewController+TestHelpers.swift in Sources */,
				3AC6AF91294223EA00007F73 /* ExaminerSpy.swift in Sources */,
				3A4D78052948BF3A00A7AF77 /* ResultsViewController+TestHelpers.swift in Sources */,
				3ABEEFE12947A244001703D9 /* SceneDelegateTests.swift in Sources */,
			);
			runOnlyForDeploymentPostprocessing = 0;
		};
/* End PBXSourcesBuildPhase section */

/* Begin PBXTargetDependency section */
		3A2D57982948FAEE00151E67 /* PBXTargetDependency */ = {
			isa = PBXTargetDependency;
			target = 3AF6F43529411D9F009526E9 /* TriviaApp */;
			targetProxy = 3A2D57972948FAEE00151E67 /* PBXContainerItemProxy */;
		};
		3AF6F45629411E96009526E9 /* PBXTargetDependency */ = {
			isa = PBXTargetDependency;
			target = 3AF6F43529411D9F009526E9 /* TriviaApp */;
			targetProxy = 3AF6F45529411E96009526E9 /* PBXContainerItemProxy */;
		};
/* End PBXTargetDependency section */

/* Begin PBXVariantGroup section */
		3AF6F43F29411D9F009526E9 /* Quiz.storyboard */ = {
			isa = PBXVariantGroup;
			children = (
				3AF6F44029411D9F009526E9 /* Base */,
			);
			name = Quiz.storyboard;
			sourceTree = "<group>";
		};
		3AF6F44429411DA0009526E9 /* LaunchScreen.storyboard */ = {
			isa = PBXVariantGroup;
			children = (
				3AF6F44529411DA0009526E9 /* Base */,
			);
			name = LaunchScreen.storyboard;
			sourceTree = "<group>";
		};
/* End PBXVariantGroup section */

/* Begin XCBuildConfiguration section */
		3A2D579A2948FAEE00151E67 /* Debug */ = {
			isa = XCBuildConfiguration;
			buildSettings = {
				BUNDLE_LOADER = "$(TEST_HOST)";
				CODE_SIGN_STYLE = Automatic;
				CURRENT_PROJECT_VERSION = 1;
				DEVELOPMENT_TEAM = 99FHZVWMRA;
				GENERATE_INFOPLIST_FILE = YES;
				MARKETING_VERSION = 1.0;
				PRODUCT_BUNDLE_IDENTIFIER = com.pssr.TriviaAppSnapshotTests;
				PRODUCT_NAME = "$(TARGET_NAME)";
				SUPPORTED_PLATFORMS = "iphoneos iphonesimulator";
				SUPPORTS_MACCATALYST = NO;
				SUPPORTS_MAC_DESIGNED_FOR_IPHONE_IPAD = NO;
				SWIFT_EMIT_LOC_STRINGS = NO;
				SWIFT_VERSION = 5.0;
				TARGETED_DEVICE_FAMILY = "1,2";
				TEST_HOST = "$(BUILT_PRODUCTS_DIR)/TriviaApp.app/$(BUNDLE_EXECUTABLE_FOLDER_PATH)/TriviaApp";
			};
			name = Debug;
		};
		3A2D579B2948FAEE00151E67 /* Release */ = {
			isa = XCBuildConfiguration;
			buildSettings = {
				BUNDLE_LOADER = "$(TEST_HOST)";
				CODE_SIGN_STYLE = Automatic;
				CURRENT_PROJECT_VERSION = 1;
				DEVELOPMENT_TEAM = 99FHZVWMRA;
				GENERATE_INFOPLIST_FILE = YES;
				MARKETING_VERSION = 1.0;
				PRODUCT_BUNDLE_IDENTIFIER = com.pssr.TriviaAppSnapshotTests;
				PRODUCT_NAME = "$(TARGET_NAME)";
				SUPPORTED_PLATFORMS = "iphoneos iphonesimulator";
				SUPPORTS_MACCATALYST = NO;
				SUPPORTS_MAC_DESIGNED_FOR_IPHONE_IPAD = NO;
				SWIFT_EMIT_LOC_STRINGS = NO;
				SWIFT_VERSION = 5.0;
				TARGETED_DEVICE_FAMILY = "1,2";
				TEST_HOST = "$(BUILT_PRODUCTS_DIR)/TriviaApp.app/$(BUNDLE_EXECUTABLE_FOLDER_PATH)/TriviaApp";
			};
			name = Release;
		};
		3AF6F44829411DA0009526E9 /* Debug */ = {
			isa = XCBuildConfiguration;
			buildSettings = {
				ALWAYS_SEARCH_USER_PATHS = NO;
				CLANG_ANALYZER_NONNULL = YES;
				CLANG_ANALYZER_NUMBER_OBJECT_CONVERSION = YES_AGGRESSIVE;
				CLANG_CXX_LANGUAGE_STANDARD = "gnu++20";
				CLANG_ENABLE_MODULES = YES;
				CLANG_ENABLE_OBJC_ARC = YES;
				CLANG_ENABLE_OBJC_WEAK = YES;
				CLANG_WARN_BLOCK_CAPTURE_AUTORELEASING = YES;
				CLANG_WARN_BOOL_CONVERSION = YES;
				CLANG_WARN_COMMA = YES;
				CLANG_WARN_CONSTANT_CONVERSION = YES;
				CLANG_WARN_DEPRECATED_OBJC_IMPLEMENTATIONS = YES;
				CLANG_WARN_DIRECT_OBJC_ISA_USAGE = YES_ERROR;
				CLANG_WARN_DOCUMENTATION_COMMENTS = YES;
				CLANG_WARN_EMPTY_BODY = YES;
				CLANG_WARN_ENUM_CONVERSION = YES;
				CLANG_WARN_INFINITE_RECURSION = YES;
				CLANG_WARN_INT_CONVERSION = YES;
				CLANG_WARN_NON_LITERAL_NULL_CONVERSION = YES;
				CLANG_WARN_OBJC_IMPLICIT_RETAIN_SELF = YES;
				CLANG_WARN_OBJC_LITERAL_CONVERSION = YES;
				CLANG_WARN_OBJC_ROOT_CLASS = YES_ERROR;
				CLANG_WARN_QUOTED_INCLUDE_IN_FRAMEWORK_HEADER = YES;
				CLANG_WARN_RANGE_LOOP_ANALYSIS = YES;
				CLANG_WARN_STRICT_PROTOTYPES = YES;
				CLANG_WARN_SUSPICIOUS_MOVE = YES;
				CLANG_WARN_UNGUARDED_AVAILABILITY = YES_AGGRESSIVE;
				CLANG_WARN_UNREACHABLE_CODE = YES;
				CLANG_WARN__DUPLICATE_METHOD_MATCH = YES;
				COPY_PHASE_STRIP = NO;
				DEBUG_INFORMATION_FORMAT = dwarf;
				ENABLE_STRICT_OBJC_MSGSEND = YES;
				ENABLE_TESTABILITY = YES;
				GCC_C_LANGUAGE_STANDARD = gnu11;
				GCC_DYNAMIC_NO_PIC = NO;
				GCC_NO_COMMON_BLOCKS = YES;
				GCC_OPTIMIZATION_LEVEL = 0;
				GCC_PREPROCESSOR_DEFINITIONS = (
					"DEBUG=1",
					"$(inherited)",
				);
				GCC_WARN_64_TO_32_BIT_CONVERSION = YES;
				GCC_WARN_ABOUT_RETURN_TYPE = YES_ERROR;
				GCC_WARN_UNDECLARED_SELECTOR = YES;
				GCC_WARN_UNINITIALIZED_AUTOS = YES_AGGRESSIVE;
				GCC_WARN_UNUSED_FUNCTION = YES;
				GCC_WARN_UNUSED_VARIABLE = YES;
				IPHONEOS_DEPLOYMENT_TARGET = 16.1;
				MTL_ENABLE_DEBUG_INFO = INCLUDE_SOURCE;
				MTL_FAST_MATH = YES;
				ONLY_ACTIVE_ARCH = YES;
				SDKROOT = iphoneos;
				SWIFT_ACTIVE_COMPILATION_CONDITIONS = DEBUG;
				SWIFT_OPTIMIZATION_LEVEL = "-Onone";
			};
			name = Debug;
		};
		3AF6F44929411DA0009526E9 /* Release */ = {
			isa = XCBuildConfiguration;
			buildSettings = {
				ALWAYS_SEARCH_USER_PATHS = NO;
				CLANG_ANALYZER_NONNULL = YES;
				CLANG_ANALYZER_NUMBER_OBJECT_CONVERSION = YES_AGGRESSIVE;
				CLANG_CXX_LANGUAGE_STANDARD = "gnu++20";
				CLANG_ENABLE_MODULES = YES;
				CLANG_ENABLE_OBJC_ARC = YES;
				CLANG_ENABLE_OBJC_WEAK = YES;
				CLANG_WARN_BLOCK_CAPTURE_AUTORELEASING = YES;
				CLANG_WARN_BOOL_CONVERSION = YES;
				CLANG_WARN_COMMA = YES;
				CLANG_WARN_CONSTANT_CONVERSION = YES;
				CLANG_WARN_DEPRECATED_OBJC_IMPLEMENTATIONS = YES;
				CLANG_WARN_DIRECT_OBJC_ISA_USAGE = YES_ERROR;
				CLANG_WARN_DOCUMENTATION_COMMENTS = YES;
				CLANG_WARN_EMPTY_BODY = YES;
				CLANG_WARN_ENUM_CONVERSION = YES;
				CLANG_WARN_INFINITE_RECURSION = YES;
				CLANG_WARN_INT_CONVERSION = YES;
				CLANG_WARN_NON_LITERAL_NULL_CONVERSION = YES;
				CLANG_WARN_OBJC_IMPLICIT_RETAIN_SELF = YES;
				CLANG_WARN_OBJC_LITERAL_CONVERSION = YES;
				CLANG_WARN_OBJC_ROOT_CLASS = YES_ERROR;
				CLANG_WARN_QUOTED_INCLUDE_IN_FRAMEWORK_HEADER = YES;
				CLANG_WARN_RANGE_LOOP_ANALYSIS = YES;
				CLANG_WARN_STRICT_PROTOTYPES = YES;
				CLANG_WARN_SUSPICIOUS_MOVE = YES;
				CLANG_WARN_UNGUARDED_AVAILABILITY = YES_AGGRESSIVE;
				CLANG_WARN_UNREACHABLE_CODE = YES;
				CLANG_WARN__DUPLICATE_METHOD_MATCH = YES;
				COPY_PHASE_STRIP = NO;
				DEBUG_INFORMATION_FORMAT = "dwarf-with-dsym";
				ENABLE_NS_ASSERTIONS = NO;
				ENABLE_STRICT_OBJC_MSGSEND = YES;
				GCC_C_LANGUAGE_STANDARD = gnu11;
				GCC_NO_COMMON_BLOCKS = YES;
				GCC_WARN_64_TO_32_BIT_CONVERSION = YES;
				GCC_WARN_ABOUT_RETURN_TYPE = YES_ERROR;
				GCC_WARN_UNDECLARED_SELECTOR = YES;
				GCC_WARN_UNINITIALIZED_AUTOS = YES_AGGRESSIVE;
				GCC_WARN_UNUSED_FUNCTION = YES;
				GCC_WARN_UNUSED_VARIABLE = YES;
				IPHONEOS_DEPLOYMENT_TARGET = 16.1;
				MTL_ENABLE_DEBUG_INFO = NO;
				MTL_FAST_MATH = YES;
				SDKROOT = iphoneos;
				SWIFT_COMPILATION_MODE = wholemodule;
				SWIFT_OPTIMIZATION_LEVEL = "-O";
				VALIDATE_PRODUCT = YES;
			};
			name = Release;
		};
		3AF6F44B29411DA0009526E9 /* Debug */ = {
			isa = XCBuildConfiguration;
			buildSettings = {
				ASSETCATALOG_COMPILER_APPICON_NAME = AppIcon;
				ASSETCATALOG_COMPILER_GLOBAL_ACCENT_COLOR_NAME = AccentColor;
				CODE_SIGN_STYLE = Automatic;
				CURRENT_PROJECT_VERSION = 1;
				DEVELOPMENT_TEAM = 99FHZVWMRA;
				GENERATE_INFOPLIST_FILE = YES;
				INFOPLIST_FILE = TriviaApp/Info.plist;
				INFOPLIST_KEY_UIApplicationSupportsIndirectInputEvents = YES;
				INFOPLIST_KEY_UILaunchStoryboardName = LaunchScreen.storyboard;
				INFOPLIST_KEY_UIMainStoryboardFile = Quiz;
				INFOPLIST_KEY_UISupportedInterfaceOrientations_iPad = "UIInterfaceOrientationPortrait UIInterfaceOrientationPortraitUpsideDown UIInterfaceOrientationLandscapeLeft UIInterfaceOrientationLandscapeRight";
				INFOPLIST_KEY_UISupportedInterfaceOrientations_iPhone = "UIInterfaceOrientationPortrait UIInterfaceOrientationLandscapeLeft UIInterfaceOrientationLandscapeRight";
				LD_RUNPATH_SEARCH_PATHS = (
					"$(inherited)",
					"@executable_path/Frameworks",
				);
				MARKETING_VERSION = 1.0;
				PRODUCT_BUNDLE_IDENTIFIER = com.pssr.TriviaApp;
				PRODUCT_NAME = "$(TARGET_NAME)";
				SWIFT_EMIT_LOC_STRINGS = YES;
				SWIFT_VERSION = 5.0;
				TARGETED_DEVICE_FAMILY = "1,2";
			};
			name = Debug;
		};
		3AF6F44C29411DA0009526E9 /* Release */ = {
			isa = XCBuildConfiguration;
			buildSettings = {
				ASSETCATALOG_COMPILER_APPICON_NAME = AppIcon;
				ASSETCATALOG_COMPILER_GLOBAL_ACCENT_COLOR_NAME = AccentColor;
				CODE_SIGN_STYLE = Automatic;
				CURRENT_PROJECT_VERSION = 1;
				DEVELOPMENT_TEAM = 99FHZVWMRA;
				GENERATE_INFOPLIST_FILE = YES;
				INFOPLIST_FILE = TriviaApp/Info.plist;
				INFOPLIST_KEY_UIApplicationSupportsIndirectInputEvents = YES;
				INFOPLIST_KEY_UILaunchStoryboardName = LaunchScreen.storyboard;
				INFOPLIST_KEY_UIMainStoryboardFile = Quiz;
				INFOPLIST_KEY_UISupportedInterfaceOrientations_iPad = "UIInterfaceOrientationPortrait UIInterfaceOrientationPortraitUpsideDown UIInterfaceOrientationLandscapeLeft UIInterfaceOrientationLandscapeRight";
				INFOPLIST_KEY_UISupportedInterfaceOrientations_iPhone = "UIInterfaceOrientationPortrait UIInterfaceOrientationLandscapeLeft UIInterfaceOrientationLandscapeRight";
				LD_RUNPATH_SEARCH_PATHS = (
					"$(inherited)",
					"@executable_path/Frameworks",
				);
				MARKETING_VERSION = 1.0;
				PRODUCT_BUNDLE_IDENTIFIER = com.pssr.TriviaApp;
				PRODUCT_NAME = "$(TARGET_NAME)";
				SWIFT_EMIT_LOC_STRINGS = YES;
				SWIFT_VERSION = 5.0;
				TARGETED_DEVICE_FAMILY = "1,2";
			};
			name = Release;
		};
		3AF6F45729411E96009526E9 /* Debug */ = {
			isa = XCBuildConfiguration;
			buildSettings = {
				BUNDLE_LOADER = "$(TEST_HOST)";
				CLANG_ENABLE_MODULES = YES;
				CODE_SIGN_STYLE = Automatic;
				CURRENT_PROJECT_VERSION = 1;
				DEVELOPMENT_TEAM = 99FHZVWMRA;
				GENERATE_INFOPLIST_FILE = YES;
				LD_RUNPATH_SEARCH_PATHS = (
					"$(inherited)",
					"@executable_path/Frameworks",
					"@loader_path/Frameworks",
				);
				MARKETING_VERSION = 1.0;
				PRODUCT_BUNDLE_IDENTIFIER = com.pssr.TriviaAppTests;
				PRODUCT_NAME = "$(TARGET_NAME)";
				SUPPORTED_PLATFORMS = "iphoneos iphonesimulator";
				SUPPORTS_MACCATALYST = NO;
				SUPPORTS_MAC_DESIGNED_FOR_IPHONE_IPAD = NO;
				SWIFT_EMIT_LOC_STRINGS = NO;
				SWIFT_OPTIMIZATION_LEVEL = "-Onone";
				SWIFT_VERSION = 5.0;
				TARGETED_DEVICE_FAMILY = "1,2";
				TEST_HOST = "$(BUILT_PRODUCTS_DIR)/TriviaApp.app/$(BUNDLE_EXECUTABLE_FOLDER_PATH)/TriviaApp";
			};
			name = Debug;
		};
		3AF6F45829411E96009526E9 /* Release */ = {
			isa = XCBuildConfiguration;
			buildSettings = {
				BUNDLE_LOADER = "$(TEST_HOST)";
				CLANG_ENABLE_MODULES = YES;
				CODE_SIGN_STYLE = Automatic;
				CURRENT_PROJECT_VERSION = 1;
				DEVELOPMENT_TEAM = 99FHZVWMRA;
				GENERATE_INFOPLIST_FILE = YES;
				LD_RUNPATH_SEARCH_PATHS = (
					"$(inherited)",
					"@executable_path/Frameworks",
					"@loader_path/Frameworks",
				);
				MARKETING_VERSION = 1.0;
				PRODUCT_BUNDLE_IDENTIFIER = com.pssr.TriviaAppTests;
				PRODUCT_NAME = "$(TARGET_NAME)";
				SUPPORTED_PLATFORMS = "iphoneos iphonesimulator";
				SUPPORTS_MACCATALYST = NO;
				SUPPORTS_MAC_DESIGNED_FOR_IPHONE_IPAD = NO;
				SWIFT_EMIT_LOC_STRINGS = NO;
				SWIFT_VERSION = 5.0;
				TARGETED_DEVICE_FAMILY = "1,2";
				TEST_HOST = "$(BUILT_PRODUCTS_DIR)/TriviaApp.app/$(BUNDLE_EXECUTABLE_FOLDER_PATH)/TriviaApp";
			};
			name = Release;
		};
/* End XCBuildConfiguration section */

/* Begin XCConfigurationList section */
		3A2D57992948FAEE00151E67 /* Build configuration list for PBXNativeTarget "TriviaAppSnapshotTests" */ = {
			isa = XCConfigurationList;
			buildConfigurations = (
				3A2D579A2948FAEE00151E67 /* Debug */,
				3A2D579B2948FAEE00151E67 /* Release */,
			);
			defaultConfigurationIsVisible = 0;
			defaultConfigurationName = Release;
		};
		3AF6F43129411D9F009526E9 /* Build configuration list for PBXProject "TriviaApp" */ = {
			isa = XCConfigurationList;
			buildConfigurations = (
				3AF6F44829411DA0009526E9 /* Debug */,
				3AF6F44929411DA0009526E9 /* Release */,
			);
			defaultConfigurationIsVisible = 0;
			defaultConfigurationName = Release;
		};
		3AF6F44A29411DA0009526E9 /* Build configuration list for PBXNativeTarget "TriviaApp" */ = {
			isa = XCConfigurationList;
			buildConfigurations = (
				3AF6F44B29411DA0009526E9 /* Debug */,
				3AF6F44C29411DA0009526E9 /* Release */,
			);
			defaultConfigurationIsVisible = 0;
			defaultConfigurationName = Release;
		};
		3AF6F45929411E96009526E9 /* Build configuration list for PBXNativeTarget "TriviaAppTests" */ = {
			isa = XCConfigurationList;
			buildConfigurations = (
				3AF6F45729411E96009526E9 /* Debug */,
				3AF6F45829411E96009526E9 /* Release */,
			);
			defaultConfigurationIsVisible = 0;
			defaultConfigurationName = Release;
		};
/* End XCConfigurationList section */
	};
	rootObject = 3AF6F42E29411D9F009526E9 /* Project object */;
}
