// !$*UTF8*$!
{
	archiveVersion = 1;
	classes = {
	};
	objectVersion = 56;
	objects = {

/* Begin PBXBuildFile section */
		3A0DD0112940F92F0092F887 /* Question.swift in Sources */ = {isa = PBXBuildFile; fileRef = 3A0DD0102940F92F0092F887 /* Question.swift */; };
		3A0DD0132941054C0092F887 /* Examiner.swift in Sources */ = {isa = PBXBuildFile; fileRef = 3A0DD0122941054C0092F887 /* Examiner.swift */; };
		3A0DD015294105CC0092F887 /* AnswerAttempt.swift in Sources */ = {isa = PBXBuildFile; fileRef = 3A0DD014294105CC0092F887 /* AnswerAttempt.swift */; };
		3A0DD017294105FE0092F887 /* QuestionsLoader.swift in Sources */ = {isa = PBXBuildFile; fileRef = 3A0DD016294105FE0092F887 /* QuestionsLoader.swift */; };
		3A0DD019294106260092F887 /* QuestionsLoaderSpy.swift in Sources */ = {isa = PBXBuildFile; fileRef = 3A0DD018294106260092F887 /* QuestionsLoaderSpy.swift */; };
		3A0DD01B294106BF0092F887 /* Score.swift in Sources */ = {isa = PBXBuildFile; fileRef = 3A0DD01A294106BF0092F887 /* Score.swift */; };
		3A0DD01D294109640092F887 /* InMemoryQuestionsLoaderTests.swift in Sources */ = {isa = PBXBuildFile; fileRef = 3A0DD01C294109640092F887 /* InMemoryQuestionsLoaderTests.swift */; };
		3A0DD01F29410C610092F887 /* InMemoryQuestionsLoader.swift in Sources */ = {isa = PBXBuildFile; fileRef = 3A0DD01E29410C610092F887 /* InMemoryQuestionsLoader.swift */; };
		3A0DD021294114B80092F887 /* ExaminerWithInMemoryQuestionsLoaderTests.swift in Sources */ = {isa = PBXBuildFile; fileRef = 3A0DD020294114B80092F887 /* ExaminerWithInMemoryQuestionsLoaderTests.swift */; };
		3A379A4D294A5375003D5E9B /* SharedHelpers.swift in Sources */ = {isa = PBXBuildFile; fileRef = 3A379A4C294A5375003D5E9B /* SharedHelpers.swift */; };
		3A3BCBC22940C8F90000B211 /* Answer.swift in Sources */ = {isa = PBXBuildFile; fileRef = 3A3BCBC12940C8F90000B211 /* Answer.swift */; };
		3A3BCBC42940CA030000B211 /* ExaminerTests.swift in Sources */ = {isa = PBXBuildFile; fileRef = 3A3BCBC32940CA030000B211 /* ExaminerTests.swift */; };
		3AFC39002940C37B000B9FCA /* TriviaEngine.framework in Frameworks */ = {isa = PBXBuildFile; fileRef = 3AFC38F72940C37B000B9FCA /* TriviaEngine.framework */; };
/* End PBXBuildFile section */

/* Begin PBXContainerItemProxy section */
		3AFC39012940C37B000B9FCA /* PBXContainerItemProxy */ = {
			isa = PBXContainerItemProxy;
			containerPortal = 3AFC38EE2940C37B000B9FCA /* Project object */;
			proxyType = 1;
			remoteGlobalIDString = 3AFC38F62940C37B000B9FCA;
			remoteInfo = TriviaEngine;
		};
/* End PBXContainerItemProxy section */

/* Begin PBXFileReference section */
		3A0DD0102940F92F0092F887 /* Question.swift */ = {isa = PBXFileReference; lastKnownFileType = sourcecode.swift; path = Question.swift; sourceTree = "<group>"; };
		3A0DD0122941054C0092F887 /* Examiner.swift */ = {isa = PBXFileReference; lastKnownFileType = sourcecode.swift; path = Examiner.swift; sourceTree = "<group>"; };
		3A0DD014294105CC0092F887 /* AnswerAttempt.swift */ = {isa = PBXFileReference; lastKnownFileType = sourcecode.swift; path = AnswerAttempt.swift; sourceTree = "<group>"; };
		3A0DD016294105FE0092F887 /* QuestionsLoader.swift */ = {isa = PBXFileReference; lastKnownFileType = sourcecode.swift; path = QuestionsLoader.swift; sourceTree = "<group>"; };
		3A0DD018294106260092F887 /* QuestionsLoaderSpy.swift */ = {isa = PBXFileReference; lastKnownFileType = sourcecode.swift; path = QuestionsLoaderSpy.swift; sourceTree = "<group>"; };
		3A0DD01A294106BF0092F887 /* Score.swift */ = {isa = PBXFileReference; lastKnownFileType = sourcecode.swift; path = Score.swift; sourceTree = "<group>"; };
		3A0DD01C294109640092F887 /* InMemoryQuestionsLoaderTests.swift */ = {isa = PBXFileReference; lastKnownFileType = sourcecode.swift; path = InMemoryQuestionsLoaderTests.swift; sourceTree = "<group>"; };
		3A0DD01E29410C610092F887 /* InMemoryQuestionsLoader.swift */ = {isa = PBXFileReference; lastKnownFileType = sourcecode.swift; path = InMemoryQuestionsLoader.swift; sourceTree = "<group>"; };
		3A0DD020294114B80092F887 /* ExaminerWithInMemoryQuestionsLoaderTests.swift */ = {isa = PBXFileReference; lastKnownFileType = sourcecode.swift; path = ExaminerWithInMemoryQuestionsLoaderTests.swift; sourceTree = "<group>"; };
		3A379A4C294A5375003D5E9B /* SharedHelpers.swift */ = {isa = PBXFileReference; lastKnownFileType = sourcecode.swift; path = SharedHelpers.swift; sourceTree = "<group>"; };
		3A3BCBC12940C8F90000B211 /* Answer.swift */ = {isa = PBXFileReference; lastKnownFileType = sourcecode.swift; path = Answer.swift; sourceTree = "<group>"; };
		3A3BCBC32940CA030000B211 /* ExaminerTests.swift */ = {isa = PBXFileReference; lastKnownFileType = sourcecode.swift; path = ExaminerTests.swift; sourceTree = "<group>"; };
		3AFC38F72940C37B000B9FCA /* TriviaEngine.framework */ = {isa = PBXFileReference; explicitFileType = wrapper.framework; includeInIndex = 0; path = TriviaEngine.framework; sourceTree = BUILT_PRODUCTS_DIR; };
		3AFC38FF2940C37B000B9FCA /* TriviaEngineTests.xctest */ = {isa = PBXFileReference; explicitFileType = wrapper.cfbundle; includeInIndex = 0; path = TriviaEngineTests.xctest; sourceTree = BUILT_PRODUCTS_DIR; };
/* End PBXFileReference section */

/* Begin PBXFrameworksBuildPhase section */
		3AFC38F42940C37B000B9FCA /* Frameworks */ = {
			isa = PBXFrameworksBuildPhase;
			buildActionMask = 2147483647;
			files = (
			);
			runOnlyForDeploymentPostprocessing = 0;
		};
		3AFC38FC2940C37B000B9FCA /* Frameworks */ = {
			isa = PBXFrameworksBuildPhase;
			buildActionMask = 2147483647;
			files = (
				3AFC39002940C37B000B9FCA /* TriviaEngine.framework in Frameworks */,
			);
			runOnlyForDeploymentPostprocessing = 0;
		};
/* End PBXFrameworksBuildPhase section */

/* Begin PBXGroup section */
		3A0DD0232941181E0092F887 /* API */ = {
			isa = PBXGroup;
			children = (
				3A0DD0122941054C0092F887 /* Examiner.swift */,
				3A0DD016294105FE0092F887 /* QuestionsLoader.swift */,
				3A0DD01E29410C610092F887 /* InMemoryQuestionsLoader.swift */,
			);
			path = API;
			sourceTree = "<group>";
		};
		3A0DD024294118400092F887 /* Domain */ = {
			isa = PBXGroup;
			children = (
				3A3BCBC12940C8F90000B211 /* Answer.swift */,
				3A0DD0102940F92F0092F887 /* Question.swift */,
				3A0DD014294105CC0092F887 /* AnswerAttempt.swift */,
				3A0DD01A294106BF0092F887 /* Score.swift */,
			);
			path = Domain;
			sourceTree = "<group>";
		};
		3A0DD0252941188F0092F887 /* Unit */ = {
			isa = PBXGroup;
			children = (
				3A0DD026294118970092F887 /* Helpers */,
				3A3BCBC32940CA030000B211 /* ExaminerTests.swift */,
				3A0DD01C294109640092F887 /* InMemoryQuestionsLoaderTests.swift */,
			);
			path = Unit;
			sourceTree = "<group>";
		};
		3A0DD026294118970092F887 /* Helpers */ = {
			isa = PBXGroup;
			children = (
				3A0DD018294106260092F887 /* QuestionsLoaderSpy.swift */,
			);
			path = Helpers;
			sourceTree = "<group>";
		};
		3A0DD027294118AA0092F887 /* Integration */ = {
			isa = PBXGroup;
			children = (
				3A0DD020294114B80092F887 /* ExaminerWithInMemoryQuestionsLoaderTests.swift */,
			);
			path = Integration;
			sourceTree = "<group>";
		};
		3AFC38ED2940C37B000B9FCA = {
			isa = PBXGroup;
			children = (
				3AFC38F92940C37B000B9FCA /* TriviaEngine */,
				3AFC39032940C37B000B9FCA /* TriviaEngineTests */,
				3AFC38F82940C37B000B9FCA /* Products */,
			);
			sourceTree = "<group>";
		};
		3AFC38F82940C37B000B9FCA /* Products */ = {
			isa = PBXGroup;
			children = (
				3AFC38F72940C37B000B9FCA /* TriviaEngine.framework */,
				3AFC38FF2940C37B000B9FCA /* TriviaEngineTests.xctest */,
			);
			name = Products;
			sourceTree = "<group>";
		};
		3AFC38F92940C37B000B9FCA /* TriviaEngine */ = {
			isa = PBXGroup;
			children = (
				3A0DD024294118400092F887 /* Domain */,
				3A0DD0232941181E0092F887 /* API */,
			);
			path = TriviaEngine;
			sourceTree = "<group>";
		};
		3AFC39032940C37B000B9FCA /* TriviaEngineTests */ = {
			isa = PBXGroup;
			children = (
				3A379A4C294A5375003D5E9B /* SharedHelpers.swift */,
				3A0DD0252941188F0092F887 /* Unit */,
				3A0DD027294118AA0092F887 /* Integration */,
			);
			path = TriviaEngineTests;
			sourceTree = "<group>";
		};
/* End PBXGroup section */

/* Begin PBXHeadersBuildPhase section */
		3AFC38F22940C37B000B9FCA /* Headers */ = {
			isa = PBXHeadersBuildPhase;
			buildActionMask = 2147483647;
			files = (
			);
			runOnlyForDeploymentPostprocessing = 0;
		};
/* End PBXHeadersBuildPhase section */

/* Begin PBXNativeTarget section */
		3AFC38F62940C37B000B9FCA /* TriviaEngine */ = {
			isa = PBXNativeTarget;
			buildConfigurationList = 3AFC39092940C37B000B9FCA /* Build configuration list for PBXNativeTarget "TriviaEngine" */;
			buildPhases = (
				3AFC38F22940C37B000B9FCA /* Headers */,
				3AFC38F32940C37B000B9FCA /* Sources */,
				3AFC38F42940C37B000B9FCA /* Frameworks */,
				3AFC38F52940C37B000B9FCA /* Resources */,
			);
			buildRules = (
			);
			dependencies = (
			);
			name = TriviaEngine;
			productName = TriviaEngine;
			productReference = 3AFC38F72940C37B000B9FCA /* TriviaEngine.framework */;
			productType = "com.apple.product-type.framework";
		};
		3AFC38FE2940C37B000B9FCA /* TriviaEngineTests */ = {
			isa = PBXNativeTarget;
			buildConfigurationList = 3AFC390C2940C37B000B9FCA /* Build configuration list for PBXNativeTarget "TriviaEngineTests" */;
			buildPhases = (
				3AFC38FB2940C37B000B9FCA /* Sources */,
				3AFC38FC2940C37B000B9FCA /* Frameworks */,
				3AFC38FD2940C37B000B9FCA /* Resources */,
			);
			buildRules = (
			);
			dependencies = (
				3AFC39022940C37B000B9FCA /* PBXTargetDependency */,
			);
			name = TriviaEngineTests;
			productName = TriviaEngineTests;
			productReference = 3AFC38FF2940C37B000B9FCA /* TriviaEngineTests.xctest */;
			productType = "com.apple.product-type.bundle.unit-test";
		};
/* End PBXNativeTarget section */

/* Begin PBXProject section */
		3AFC38EE2940C37B000B9FCA /* Project object */ = {
			isa = PBXProject;
			attributes = {
				BuildIndependentTargetsInParallel = 1;
				LastSwiftUpdateCheck = 1410;
				LastUpgradeCheck = 1410;
				TargetAttributes = {
					3AFC38F62940C37B000B9FCA = {
						CreatedOnToolsVersion = 14.1;
						LastSwiftMigration = 1410;
					};
					3AFC38FE2940C37B000B9FCA = {
						CreatedOnToolsVersion = 14.1;
						LastSwiftMigration = 1410;
					};
				};
			};
			buildConfigurationList = 3AFC38F12940C37B000B9FCA /* Build configuration list for PBXProject "TriviaEngine" */;
			compatibilityVersion = "Xcode 14.0";
			developmentRegion = en;
			hasScannedForEncodings = 0;
			knownRegions = (
				en,
				Base,
			);
			mainGroup = 3AFC38ED2940C37B000B9FCA;
			productRefGroup = 3AFC38F82940C37B000B9FCA /* Products */;
			projectDirPath = "";
			projectRoot = "";
			targets = (
				3AFC38F62940C37B000B9FCA /* TriviaEngine */,
				3AFC38FE2940C37B000B9FCA /* TriviaEngineTests */,
			);
		};
/* End PBXProject section */

/* Begin PBXResourcesBuildPhase section */
		3AFC38F52940C37B000B9FCA /* Resources */ = {
			isa = PBXResourcesBuildPhase;
			buildActionMask = 2147483647;
			files = (
			);
			runOnlyForDeploymentPostprocessing = 0;
		};
		3AFC38FD2940C37B000B9FCA /* Resources */ = {
			isa = PBXResourcesBuildPhase;
			buildActionMask = 2147483647;
			files = (
			);
			runOnlyForDeploymentPostprocessing = 0;
		};
/* End PBXResourcesBuildPhase section */

/* Begin PBXSourcesBuildPhase section */
		3AFC38F32940C37B000B9FCA /* Sources */ = {
			isa = PBXSourcesBuildPhase;
			buildActionMask = 2147483647;
			files = (
				3A0DD0132941054C0092F887 /* Examiner.swift in Sources */,
				3A0DD015294105CC0092F887 /* AnswerAttempt.swift in Sources */,
				3A0DD017294105FE0092F887 /* QuestionsLoader.swift in Sources */,
				3A3BCBC22940C8F90000B211 /* Answer.swift in Sources */,
				3A0DD01F29410C610092F887 /* InMemoryQuestionsLoader.swift in Sources */,
				3A0DD01B294106BF0092F887 /* Score.swift in Sources */,
				3A0DD0112940F92F0092F887 /* Question.swift in Sources */,
			);
			runOnlyForDeploymentPostprocessing = 0;
		};
		3AFC38FB2940C37B000B9FCA /* Sources */ = {
			isa = PBXSourcesBuildPhase;
			buildActionMask = 2147483647;
			files = (
				3A3BCBC42940CA030000B211 /* ExaminerTests.swift in Sources */,
				3A0DD019294106260092F887 /* QuestionsLoaderSpy.swift in Sources */,
				3A379A4D294A5375003D5E9B /* SharedHelpers.swift in Sources */,
				3A0DD01D294109640092F887 /* InMemoryQuestionsLoaderTests.swift in Sources */,
				3A0DD021294114B80092F887 /* ExaminerWithInMemoryQuestionsLoaderTests.swift in Sources */,
			);
			runOnlyForDeploymentPostprocessing = 0;
		};
/* End PBXSourcesBuildPhase section */

/* Begin PBXTargetDependency section */
		3AFC39022940C37B000B9FCA /* PBXTargetDependency */ = {
			isa = PBXTargetDependency;
			target = 3AFC38F62940C37B000B9FCA /* TriviaEngine */;
			targetProxy = 3AFC39012940C37B000B9FCA /* PBXContainerItemProxy */;
		};
/* End PBXTargetDependency section */

/* Begin XCBuildConfiguration section */
		3AFC39072940C37B000B9FCA /* Debug */ = {
			isa = XCBuildConfiguration;
			buildSettings = {
				ALWAYS_SEARCH_USER_PATHS = NO;
				CLANG_ANALYZER_NONNULL = YES;
				CLANG_ANALYZER_NUMBER_OBJECT_CONVERSION = YES_AGGRESSIVE;
				CLANG_CXX_LANGUAGE_STANDARD = "gnu++20";
				CLANG_ENABLE_MODULES = YES;
				CLANG_ENABLE_OBJC_ARC = YES;
				CLANG_ENABLE_OBJC_WEAK = YES;
				CLANG_WARN_BLOCK_CAPTURE_AUTORELEASING = YES;
				CLANG_WARN_BOOL_CONVERSION = YES;
				CLANG_WARN_COMMA = YES;
				CLANG_WARN_CONSTANT_CONVERSION = YES;
				CLANG_WARN_DEPRECATED_OBJC_IMPLEMENTATIONS = YES;
				CLANG_WARN_DIRECT_OBJC_ISA_USAGE = YES_ERROR;
				CLANG_WARN_DOCUMENTATION_COMMENTS = YES;
				CLANG_WARN_EMPTY_BODY = YES;
				CLANG_WARN_ENUM_CONVERSION = YES;
				CLANG_WARN_INFINITE_RECURSION = YES;
				CLANG_WARN_INT_CONVERSION = YES;
				CLANG_WARN_NON_LITERAL_NULL_CONVERSION = YES;
				CLANG_WARN_OBJC_IMPLICIT_RETAIN_SELF = YES;
				CLANG_WARN_OBJC_LITERAL_CONVERSION = YES;
				CLANG_WARN_OBJC_ROOT_CLASS = YES_ERROR;
				CLANG_WARN_QUOTED_INCLUDE_IN_FRAMEWORK_HEADER = YES;
				CLANG_WARN_RANGE_LOOP_ANALYSIS = YES;
				CLANG_WARN_STRICT_PROTOTYPES = YES;
				CLANG_WARN_SUSPICIOUS_MOVE = YES;
				CLANG_WARN_UNGUARDED_AVAILABILITY = YES_AGGRESSIVE;
				CLANG_WARN_UNREACHABLE_CODE = YES;
				CLANG_WARN__DUPLICATE_METHOD_MATCH = YES;
				COPY_PHASE_STRIP = NO;
				CURRENT_PROJECT_VERSION = 1;
				DEBUG_INFORMATION_FORMAT = dwarf;
				ENABLE_STRICT_OBJC_MSGSEND = YES;
				ENABLE_TESTABILITY = YES;
				GCC_C_LANGUAGE_STANDARD = gnu11;
				GCC_DYNAMIC_NO_PIC = NO;
				GCC_NO_COMMON_BLOCKS = YES;
				GCC_OPTIMIZATION_LEVEL = 0;
				GCC_PREPROCESSOR_DEFINITIONS = (
					"DEBUG=1",
					"$(inherited)",
				);
				GCC_WARN_64_TO_32_BIT_CONVERSION = YES;
				GCC_WARN_ABOUT_RETURN_TYPE = YES_ERROR;
				GCC_WARN_UNDECLARED_SELECTOR = YES;
				GCC_WARN_UNINITIALIZED_AUTOS = YES_AGGRESSIVE;
				GCC_WARN_UNUSED_FUNCTION = YES;
				GCC_WARN_UNUSED_VARIABLE = YES;
				IPHONEOS_DEPLOYMENT_TARGET = 16.1;
				MACOSX_DEPLOYMENT_TARGET = 12.3;
				MTL_ENABLE_DEBUG_INFO = INCLUDE_SOURCE;
				MTL_FAST_MATH = YES;
				ONLY_ACTIVE_ARCH = YES;
				SDKROOT = iphoneos;
				SWIFT_ACTIVE_COMPILATION_CONDITIONS = DEBUG;
				SWIFT_OPTIMIZATION_LEVEL = "-Onone";
				VERSIONING_SYSTEM = "apple-generic";
				VERSION_INFO_PREFIX = "";
			};
			name = Debug;
		};
		3AFC39082940C37B000B9FCA /* Release */ = {
			isa = XCBuildConfiguration;
			buildSettings = {
				ALWAYS_SEARCH_USER_PATHS = NO;
				CLANG_ANALYZER_NONNULL = YES;
				CLANG_ANALYZER_NUMBER_OBJECT_CONVERSION = YES_AGGRESSIVE;
				CLANG_CXX_LANGUAGE_STANDARD = "gnu++20";
				CLANG_ENABLE_MODULES = YES;
				CLANG_ENABLE_OBJC_ARC = YES;
				CLANG_ENABLE_OBJC_WEAK = YES;
				CLANG_WARN_BLOCK_CAPTURE_AUTORELEASING = YES;
				CLANG_WARN_BOOL_CONVERSION = YES;
				CLANG_WARN_COMMA = YES;
				CLANG_WARN_CONSTANT_CONVERSION = YES;
				CLANG_WARN_DEPRECATED_OBJC_IMPLEMENTATIONS = YES;
				CLANG_WARN_DIRECT_OBJC_ISA_USAGE = YES_ERROR;
				CLANG_WARN_DOCUMENTATION_COMMENTS = YES;
				CLANG_WARN_EMPTY_BODY = YES;
				CLANG_WARN_ENUM_CONVERSION = YES;
				CLANG_WARN_INFINITE_RECURSION = YES;
				CLANG_WARN_INT_CONVERSION = YES;
				CLANG_WARN_NON_LITERAL_NULL_CONVERSION = YES;
				CLANG_WARN_OBJC_IMPLICIT_RETAIN_SELF = YES;
				CLANG_WARN_OBJC_LITERAL_CONVERSION = YES;
				CLANG_WARN_OBJC_ROOT_CLASS = YES_ERROR;
				CLANG_WARN_QUOTED_INCLUDE_IN_FRAMEWORK_HEADER = YES;
				CLANG_WARN_RANGE_LOOP_ANALYSIS = YES;
				CLANG_WARN_STRICT_PROTOTYPES = YES;
				CLANG_WARN_SUSPICIOUS_MOVE = YES;
				CLANG_WARN_UNGUARDED_AVAILABILITY = YES_AGGRESSIVE;
				CLANG_WARN_UNREACHABLE_CODE = YES;
				CLANG_WARN__DUPLICATE_METHOD_MATCH = YES;
				COPY_PHASE_STRIP = NO;
				CURRENT_PROJECT_VERSION = 1;
				DEBUG_INFORMATION_FORMAT = "dwarf-with-dsym";
				ENABLE_NS_ASSERTIONS = NO;
				ENABLE_STRICT_OBJC_MSGSEND = YES;
				GCC_C_LANGUAGE_STANDARD = gnu11;
				GCC_NO_COMMON_BLOCKS = YES;
				GCC_WARN_64_TO_32_BIT_CONVERSION = YES;
				GCC_WARN_ABOUT_RETURN_TYPE = YES_ERROR;
				GCC_WARN_UNDECLARED_SELECTOR = YES;
				GCC_WARN_UNINITIALIZED_AUTOS = YES_AGGRESSIVE;
				GCC_WARN_UNUSED_FUNCTION = YES;
				GCC_WARN_UNUSED_VARIABLE = YES;
				IPHONEOS_DEPLOYMENT_TARGET = 16.1;
				MACOSX_DEPLOYMENT_TARGET = 12.3;
				MTL_ENABLE_DEBUG_INFO = NO;
				MTL_FAST_MATH = YES;
				SDKROOT = iphoneos;
				SWIFT_COMPILATION_MODE = wholemodule;
				SWIFT_OPTIMIZATION_LEVEL = "-O";
				VALIDATE_PRODUCT = YES;
				VERSIONING_SYSTEM = "apple-generic";
				VERSION_INFO_PREFIX = "";
			};
			name = Release;
		};
		3AFC390A2940C37B000B9FCA /* Debug */ = {
			isa = XCBuildConfiguration;
			buildSettings = {
				CLANG_ENABLE_MODULES = YES;
				CODE_SIGN_STYLE = Automatic;
				CURRENT_PROJECT_VERSION = 1;
				DEFINES_MODULE = YES;
				DEVELOPMENT_TEAM = 99FHZVWMRA;
				DYLIB_COMPATIBILITY_VERSION = 1;
				DYLIB_CURRENT_VERSION = 1;
				DYLIB_INSTALL_NAME_BASE = "@rpath";
				GENERATE_INFOPLIST_FILE = YES;
				INFOPLIST_KEY_NSHumanReadableCopyright = "";
				INSTALL_PATH = "$(LOCAL_LIBRARY_DIR)/Frameworks";
				LD_RUNPATH_SEARCH_PATHS = (
					"$(inherited)",
					"@executable_path/Frameworks",
					"@loader_path/Frameworks",
				);
				MARKETING_VERSION = 1.0;
				PRODUCT_BUNDLE_IDENTIFIER = com.pssr.TriviaEngine;
				PRODUCT_NAME = "$(TARGET_NAME:c99extidentifier)";
				SKIP_INSTALL = YES;
				SUPPORTED_PLATFORMS = "iphoneos iphonesimulator macosx";
				SUPPORTS_MACCATALYST = YES;
				SUPPORTS_MAC_DESIGNED_FOR_IPHONE_IPAD = NO;
				SWIFT_EMIT_LOC_STRINGS = YES;
				SWIFT_OPTIMIZATION_LEVEL = "-Onone";
				SWIFT_VERSION = 5.0;
				TARGETED_DEVICE_FAMILY = "1,2";
			};
			name = Debug;
		};
		3AFC390B2940C37B000B9FCA /* Release */ = {
			isa = XCBuildConfiguration;
			buildSettings = {
				CLANG_ENABLE_MODULES = YES;
				CODE_SIGN_STYLE = Automatic;
				CURRENT_PROJECT_VERSION = 1;
				DEFINES_MODULE = YES;
				DEVELOPMENT_TEAM = 99FHZVWMRA;
				DYLIB_COMPATIBILITY_VERSION = 1;
				DYLIB_CURRENT_VERSION = 1;
				DYLIB_INSTALL_NAME_BASE = "@rpath";
				GENERATE_INFOPLIST_FILE = YES;
				INFOPLIST_KEY_NSHumanReadableCopyright = "";
				INSTALL_PATH = "$(LOCAL_LIBRARY_DIR)/Frameworks";
				LD_RUNPATH_SEARCH_PATHS = (
					"$(inherited)",
					"@executable_path/Frameworks",
					"@loader_path/Frameworks",
				);
				MARKETING_VERSION = 1.0;
				PRODUCT_BUNDLE_IDENTIFIER = com.pssr.TriviaEngine;
				PRODUCT_NAME = "$(TARGET_NAME:c99extidentifier)";
				SKIP_INSTALL = YES;
				SUPPORTED_PLATFORMS = "iphoneos iphonesimulator macosx";
				SUPPORTS_MACCATALYST = YES;
				SUPPORTS_MAC_DESIGNED_FOR_IPHONE_IPAD = NO;
				SWIFT_EMIT_LOC_STRINGS = YES;
				SWIFT_VERSION = 5.0;
				TARGETED_DEVICE_FAMILY = "1,2";
			};
			name = Release;
		};
		3AFC390D2940C37B000B9FCA /* Debug */ = {
			isa = XCBuildConfiguration;
			buildSettings = {
				ALWAYS_EMBED_SWIFT_STANDARD_LIBRARIES = YES;
				CLANG_ENABLE_MODULES = YES;
				CODE_SIGN_STYLE = Automatic;
				CURRENT_PROJECT_VERSION = 1;
				DEVELOPMENT_TEAM = 99FHZVWMRA;
				GENERATE_INFOPLIST_FILE = YES;
				LD_RUNPATH_SEARCH_PATHS = (
					"$(inherited)",
					"@executable_path/Frameworks",
					"@loader_path/Frameworks",
				);
				MARKETING_VERSION = 1.0;
				PRODUCT_BUNDLE_IDENTIFIER = com.pssr.TriviaEngineTests;
				PRODUCT_NAME = "$(TARGET_NAME)";
				SUPPORTED_PLATFORMS = "iphoneos iphonesimulator macosx";
				SUPPORTS_MACCATALYST = YES;
				SUPPORTS_MAC_DESIGNED_FOR_IPHONE_IPAD = YES;
				SWIFT_EMIT_LOC_STRINGS = NO;
				SWIFT_OPTIMIZATION_LEVEL = "-Onone";
				SWIFT_VERSION = 5.0;
				TARGETED_DEVICE_FAMILY = "1,2";
			};
			name = Debug;
		};
		3AFC390E2940C37B000B9FCA /* Release */ = {
			isa = XCBuildConfiguration;
			buildSettings = {
				ALWAYS_EMBED_SWIFT_STANDARD_LIBRARIES = YES;
				CLANG_ENABLE_MODULES = YES;
				CODE_SIGN_STYLE = Automatic;
				CURRENT_PROJECT_VERSION = 1;
				DEVELOPMENT_TEAM = 99FHZVWMRA;
				GENERATE_INFOPLIST_FILE = YES;
				LD_RUNPATH_SEARCH_PATHS = (
					"$(inherited)",
					"@executable_path/Frameworks",
					"@loader_path/Frameworks",
				);
				MARKETING_VERSION = 1.0;
				PRODUCT_BUNDLE_IDENTIFIER = com.pssr.TriviaEngineTests;
				PRODUCT_NAME = "$(TARGET_NAME)";
				SUPPORTED_PLATFORMS = "iphoneos iphonesimulator macosx";
				SUPPORTS_MACCATALYST = YES;
				SUPPORTS_MAC_DESIGNED_FOR_IPHONE_IPAD = YES;
				SWIFT_EMIT_LOC_STRINGS = NO;
				SWIFT_VERSION = 5.0;
				TARGETED_DEVICE_FAMILY = "1,2";
			};
			name = Release;
		};
/* End XCBuildConfiguration section */

/* Begin XCConfigurationList section */
		3AFC38F12940C37B000B9FCA /* Build configuration list for PBXProject "TriviaEngine" */ = {
			isa = XCConfigurationList;
			buildConfigurations = (
				3AFC39072940C37B000B9FCA /* Debug */,
				3AFC39082940C37B000B9FCA /* Release */,
			);
			defaultConfigurationIsVisible = 0;
			defaultConfigurationName = Release;
		};
		3AFC39092940C37B000B9FCA /* Build configuration list for PBXNativeTarget "TriviaEngine" */ = {
			isa = XCConfigurationList;
			buildConfigurations = (
				3AFC390A2940C37B000B9FCA /* Debug */,
				3AFC390B2940C37B000B9FCA /* Release */,
			);
			defaultConfigurationIsVisible = 0;
			defaultConfigurationName = Release;
		};
		3AFC390C2940C37B000B9FCA /* Build configuration list for PBXNativeTarget "TriviaEngineTests" */ = {
			isa = XCConfigurationList;
			buildConfigurations = (
				3AFC390D2940C37B000B9FCA /* Debug */,
				3AFC390E2940C37B000B9FCA /* Release */,
			);
			defaultConfigurationIsVisible = 0;
			defaultConfigurationName = Release;
		};
/* End XCConfigurationList section */
	};
	rootObject = 3AFC38EE2940C37B000B9FCA /* Project object */;
}
